// !$*UTF8*$!
{
	archiveVersion = 1;
	classes = {
	};
	objectVersion = 50;
	objects = {

/* Begin PBXBuildFile section */
		542553A8241AE4F400E00962 /* ActivityIndicator.swift in Sources */ = {isa = PBXBuildFile; fileRef = 542553A7241AE4F400E00962 /* ActivityIndicator.swift */; };
		542553AD241AE7B600E00962 /* ScanningView.swift in Sources */ = {isa = PBXBuildFile; fileRef = 542553AC241AE7B600E00962 /* ScanningView.swift */; };
		546D7064241296DB0005AA27 /* AppDelegate.swift in Sources */ = {isa = PBXBuildFile; fileRef = 546D7063241296DB0005AA27 /* AppDelegate.swift */; };
		546D7066241296DB0005AA27 /* SceneDelegate.swift in Sources */ = {isa = PBXBuildFile; fileRef = 546D7065241296DB0005AA27 /* SceneDelegate.swift */; };
		546D706A241296E20005AA27 /* Assets.xcassets in Resources */ = {isa = PBXBuildFile; fileRef = 546D7069241296E20005AA27 /* Assets.xcassets */; };
		546D706D241296E20005AA27 /* Preview Assets.xcassets in Resources */ = {isa = PBXBuildFile; fileRef = 546D706C241296E20005AA27 /* Preview Assets.xcassets */; };
		546D7070241296E20005AA27 /* LaunchScreen.storyboard in Resources */ = {isa = PBXBuildFile; fileRef = 546D706E241296E20005AA27 /* LaunchScreen.storyboard */; };
		546D70782412A9140005AA27 /* ProfileSetupView.swift in Sources */ = {isa = PBXBuildFile; fileRef = 546D70772412A9140005AA27 /* ProfileSetupView.swift */; };
		546D707A2412EAF20005AA27 /* ImagePicker.swift in Sources */ = {isa = PBXBuildFile; fileRef = 546D70792412EAF20005AA27 /* ImagePicker.swift */; };
		54BD8703241CF8050085147F /* MCBrowser.swift in Sources */ = {isa = PBXBuildFile; fileRef = 54BD8702241CF8050085147F /* MCBrowser.swift */; };
		54BD8705241D158E0085147F /* ChatsViewModel.swift in Sources */ = {isa = PBXBuildFile; fileRef = 54BD8704241D158E0085147F /* ChatsViewModel.swift */; };
		8802D932241795F400E555D8 /* User.xcdatamodeld in Sources */ = {isa = PBXBuildFile; fileRef = 8802D930241795F400E555D8 /* User.xcdatamodeld */; };
		8802D9342417A45D00E555D8 /* CoreDataHandler.swift in Sources */ = {isa = PBXBuildFile; fileRef = 8802D9332417A45D00E555D8 /* CoreDataHandler.swift */; };
		882E7D3A24165A6700E49BF6 /* LoginViewModel.swift in Sources */ = {isa = PBXBuildFile; fileRef = 882E7D3924165A6700E49BF6 /* LoginViewModel.swift */; };
		882E7D3E2416615600E49BF6 /* StartView.swift in Sources */ = {isa = PBXBuildFile; fileRef = 882E7D3D2416615600E49BF6 /* StartView.swift */; };
		882E7D41241661B200E49BF6 /* TabBarView.swift in Sources */ = {isa = PBXBuildFile; fileRef = 882E7D40241661B200E49BF6 /* TabBarView.swift */; };
		882E7D432416630C00E49BF6 /* MainView.swift in Sources */ = {isa = PBXBuildFile; fileRef = 882E7D422416630C00E49BF6 /* MainView.swift */; };
		882E7D452416632000E49BF6 /* MoreView.swift in Sources */ = {isa = PBXBuildFile; fileRef = 882E7D442416632000E49BF6 /* MoreView.swift */; };
		886D6C3D2420D5E8003CE93A /* MultipeerUser.swift in Sources */ = {isa = PBXBuildFile; fileRef = 886D6C3C2420D5E8003CE93A /* MultipeerUser.swift */; };
		886D6C412420DAC0003CE93A /* UserPeer.swift in Sources */ = {isa = PBXBuildFile; fileRef = 886D6C402420DAC0003CE93A /* UserPeer.swift */; };
/* End PBXBuildFile section */

/* Begin PBXFileReference section */
		542553A7241AE4F400E00962 /* ActivityIndicator.swift */ = {isa = PBXFileReference; lastKnownFileType = sourcecode.swift; path = ActivityIndicator.swift; sourceTree = "<group>"; };
		542553AC241AE7B600E00962 /* ScanningView.swift */ = {isa = PBXFileReference; lastKnownFileType = sourcecode.swift; path = ScanningView.swift; sourceTree = "<group>"; };
		546D7060241296DB0005AA27 /* MultipeerChat.app */ = {isa = PBXFileReference; explicitFileType = wrapper.application; includeInIndex = 0; path = MultipeerChat.app; sourceTree = BUILT_PRODUCTS_DIR; };
		546D7063241296DB0005AA27 /* AppDelegate.swift */ = {isa = PBXFileReference; lastKnownFileType = sourcecode.swift; path = AppDelegate.swift; sourceTree = "<group>"; };
		546D7065241296DB0005AA27 /* SceneDelegate.swift */ = {isa = PBXFileReference; lastKnownFileType = sourcecode.swift; path = SceneDelegate.swift; sourceTree = "<group>"; };
		546D7069241296E20005AA27 /* Assets.xcassets */ = {isa = PBXFileReference; lastKnownFileType = folder.assetcatalog; path = Assets.xcassets; sourceTree = "<group>"; };
		546D706C241296E20005AA27 /* Preview Assets.xcassets */ = {isa = PBXFileReference; lastKnownFileType = folder.assetcatalog; path = "Preview Assets.xcassets"; sourceTree = "<group>"; };
		546D706F241296E20005AA27 /* Base */ = {isa = PBXFileReference; lastKnownFileType = file.storyboard; name = Base; path = Base.lproj/LaunchScreen.storyboard; sourceTree = "<group>"; };
		546D7071241296E20005AA27 /* Info.plist */ = {isa = PBXFileReference; lastKnownFileType = text.plist.xml; path = Info.plist; sourceTree = "<group>"; };
		546D70772412A9140005AA27 /* ProfileSetupView.swift */ = {isa = PBXFileReference; lastKnownFileType = sourcecode.swift; path = ProfileSetupView.swift; sourceTree = "<group>"; };
		546D70792412EAF20005AA27 /* ImagePicker.swift */ = {isa = PBXFileReference; lastKnownFileType = sourcecode.swift; path = ImagePicker.swift; sourceTree = "<group>"; };
		54BD8702241CF8050085147F /* MCBrowser.swift */ = {isa = PBXFileReference; lastKnownFileType = sourcecode.swift; path = MCBrowser.swift; sourceTree = "<group>"; };
		54BD8704241D158E0085147F /* ChatsViewModel.swift */ = {isa = PBXFileReference; lastKnownFileType = sourcecode.swift; path = ChatsViewModel.swift; sourceTree = "<group>"; };
		8802D931241795F400E555D8 /* User.xcdatamodel */ = {isa = PBXFileReference; lastKnownFileType = wrapper.xcdatamodel; path = User.xcdatamodel; sourceTree = "<group>"; };
		8802D9332417A45D00E555D8 /* CoreDataHandler.swift */ = {isa = PBXFileReference; lastKnownFileType = sourcecode.swift; path = CoreDataHandler.swift; sourceTree = "<group>"; };
		882E7D3924165A6700E49BF6 /* LoginViewModel.swift */ = {isa = PBXFileReference; lastKnownFileType = sourcecode.swift; path = LoginViewModel.swift; sourceTree = "<group>"; };
		882E7D3D2416615600E49BF6 /* StartView.swift */ = {isa = PBXFileReference; lastKnownFileType = sourcecode.swift; path = StartView.swift; sourceTree = "<group>"; };
		882E7D40241661B200E49BF6 /* TabBarView.swift */ = {isa = PBXFileReference; lastKnownFileType = sourcecode.swift; path = TabBarView.swift; sourceTree = "<group>"; };
		882E7D422416630C00E49BF6 /* MainView.swift */ = {isa = PBXFileReference; lastKnownFileType = sourcecode.swift; path = MainView.swift; sourceTree = "<group>"; };
		882E7D442416632000E49BF6 /* MoreView.swift */ = {isa = PBXFileReference; lastKnownFileType = sourcecode.swift; path = MoreView.swift; sourceTree = "<group>"; };
		886D6C3C2420D5E8003CE93A /* MultipeerUser.swift */ = {isa = PBXFileReference; lastKnownFileType = sourcecode.swift; path = MultipeerUser.swift; sourceTree = "<group>"; };
		886D6C402420DAC0003CE93A /* UserPeer.swift */ = {isa = PBXFileReference; lastKnownFileType = sourcecode.swift; path = UserPeer.swift; sourceTree = "<group>"; };
/* End PBXFileReference section */

/* Begin PBXFrameworksBuildPhase section */
		546D705D241296DB0005AA27 /* Frameworks */ = {
			isa = PBXFrameworksBuildPhase;
			buildActionMask = 2147483647;
			files = (
			);
			runOnlyForDeploymentPostprocessing = 0;
		};
/* End PBXFrameworksBuildPhase section */

/* Begin PBXGroup section */
		542553A9241AE75B00E00962 /* Mini Views */ = {
			isa = PBXGroup;
			children = (
				542553A7241AE4F400E00962 /* ActivityIndicator.swift */,
				542553AC241AE7B600E00962 /* ScanningView.swift */,
			);
			path = "Mini Views";
			sourceTree = "<group>";
		};
		546D7057241296DB0005AA27 = {
			isa = PBXGroup;
			children = (
				546D7062241296DB0005AA27 /* MultipeerChat */,
				546D7061241296DB0005AA27 /* Products */,
			);
			sourceTree = "<group>";
		};
		546D7061241296DB0005AA27 /* Products */ = {
			isa = PBXGroup;
			children = (
				546D7060241296DB0005AA27 /* MultipeerChat.app */,
			);
			name = Products;
			sourceTree = "<group>";
		};
		546D7062241296DB0005AA27 /* MultipeerChat */ = {
			isa = PBXGroup;
			children = (
				546D7063241296DB0005AA27 /* AppDelegate.swift */,
				546D7065241296DB0005AA27 /* SceneDelegate.swift */,
				882E7D372416577A00E49BF6 /* Model */,
				882E7D362416577200E49BF6 /* View */,
				882E7D3F2416618D00E49BF6 /* ViewModel */,
				54BD8701241CF7BB0085147F /* ViewController Representable */,
				882E7D382416578600E49BF6 /* Supporting Files */,
				546D706B241296E20005AA27 /* Preview Content */,
			);
			path = MultipeerChat;
			sourceTree = "<group>";
		};
		546D706B241296E20005AA27 /* Preview Content */ = {
			isa = PBXGroup;
			children = (
				546D706C241296E20005AA27 /* Preview Assets.xcassets */,
			);
			path = "Preview Content";
			sourceTree = "<group>";
		};
		54BD8701241CF7BB0085147F /* ViewController Representable */ = {
			isa = PBXGroup;
			children = (
				546D70792412EAF20005AA27 /* ImagePicker.swift */,
				54BD8702241CF8050085147F /* MCBrowser.swift */,
			);
			path = "ViewController Representable";
			sourceTree = "<group>";
		};
		882E7D362416577200E49BF6 /* View */ = {
			isa = PBXGroup;
			children = (
				882E7D3D2416615600E49BF6 /* StartView.swift */,
				546D70772412A9140005AA27 /* ProfileSetupView.swift */,
				882E7D40241661B200E49BF6 /* TabBarView.swift */,
				882E7D422416630C00E49BF6 /* MainView.swift */,
				882E7D442416632000E49BF6 /* MoreView.swift */,
				542553A9241AE75B00E00962 /* Mini Views */,
			);
			path = View;
			sourceTree = "<group>";
		};
		882E7D372416577A00E49BF6 /* Model */ = {
			isa = PBXGroup;
			children = (
				886D6C3C2420D5E8003CE93A /* MultipeerUser.swift */,
				886D6C402420DAC0003CE93A /* UserPeer.swift */,
				8802D9332417A45D00E555D8 /* CoreDataHandler.swift */,
			);
			path = Model;
			sourceTree = "<group>";
		};
		882E7D382416578600E49BF6 /* Supporting Files */ = {
			isa = PBXGroup;
			children = (
				546D7069241296E20005AA27 /* Assets.xcassets */,
				546D706E241296E20005AA27 /* LaunchScreen.storyboard */,
				546D7071241296E20005AA27 /* Info.plist */,
				8802D930241795F400E555D8 /* User.xcdatamodeld */,
			);
			name = "Supporting Files";
			sourceTree = "<group>";
		};
		882E7D3F2416618D00E49BF6 /* ViewModel */ = {
			isa = PBXGroup;
			children = (
				882E7D3924165A6700E49BF6 /* LoginViewModel.swift */,
				54BD8704241D158E0085147F /* ChatsViewModel.swift */,
			);
			path = ViewModel;
			sourceTree = "<group>";
		};
/* End PBXGroup section */

/* Begin PBXNativeTarget section */
		546D705F241296DB0005AA27 /* MultipeerChat */ = {
			isa = PBXNativeTarget;
			buildConfigurationList = 546D7074241296E20005AA27 /* Build configuration list for PBXNativeTarget "MultipeerChat" */;
			buildPhases = (
				546D705C241296DB0005AA27 /* Sources */,
				546D705D241296DB0005AA27 /* Frameworks */,
				546D705E241296DB0005AA27 /* Resources */,
			);
			buildRules = (
			);
			dependencies = (
			);
			name = MultipeerChat;
			productName = MultipeerChat;
			productReference = 546D7060241296DB0005AA27 /* MultipeerChat.app */;
			productType = "com.apple.product-type.application";
		};
/* End PBXNativeTarget section */

/* Begin PBXProject section */
		546D7058241296DB0005AA27 /* Project object */ = {
			isa = PBXProject;
			attributes = {
				LastSwiftUpdateCheck = 1130;
				LastUpgradeCheck = 1130;
				ORGANIZATIONNAME = "Hesham Salama";
				TargetAttributes = {
					546D705F241296DB0005AA27 = {
						CreatedOnToolsVersion = 11.3;
					};
				};
			};
			buildConfigurationList = 546D705B241296DB0005AA27 /* Build configuration list for PBXProject "MultipeerChat" */;
			compatibilityVersion = "Xcode 9.3";
			developmentRegion = en;
			hasScannedForEncodings = 0;
			knownRegions = (
				en,
				Base,
			);
			mainGroup = 546D7057241296DB0005AA27;
			productRefGroup = 546D7061241296DB0005AA27 /* Products */;
			projectDirPath = "";
			projectRoot = "";
			targets = (
				546D705F241296DB0005AA27 /* MultipeerChat */,
			);
		};
/* End PBXProject section */

/* Begin PBXResourcesBuildPhase section */
		546D705E241296DB0005AA27 /* Resources */ = {
			isa = PBXResourcesBuildPhase;
			buildActionMask = 2147483647;
			files = (
				546D7070241296E20005AA27 /* LaunchScreen.storyboard in Resources */,
				546D706D241296E20005AA27 /* Preview Assets.xcassets in Resources */,
				546D706A241296E20005AA27 /* Assets.xcassets in Resources */,
			);
			runOnlyForDeploymentPostprocessing = 0;
		};
/* End PBXResourcesBuildPhase section */

/* Begin PBXSourcesBuildPhase section */
		546D705C241296DB0005AA27 /* Sources */ = {
			isa = PBXSourcesBuildPhase;
			buildActionMask = 2147483647;
			files = (
				8802D932241795F400E555D8 /* User.xcdatamodeld in Sources */,
				8802D9342417A45D00E555D8 /* CoreDataHandler.swift in Sources */,
				546D7064241296DB0005AA27 /* AppDelegate.swift in Sources */,
				882E7D432416630C00E49BF6 /* MainView.swift in Sources */,
				886D6C3D2420D5E8003CE93A /* MultipeerUser.swift in Sources */,
				542553A8241AE4F400E00962 /* ActivityIndicator.swift in Sources */,
				882E7D3A24165A6700E49BF6 /* LoginViewModel.swift in Sources */,
				882E7D41241661B200E49BF6 /* TabBarView.swift in Sources */,
				546D707A2412EAF20005AA27 /* ImagePicker.swift in Sources */,
				886D6C412420DAC0003CE93A /* UserPeer.swift in Sources */,
				546D7066241296DB0005AA27 /* SceneDelegate.swift in Sources */,
				542553AD241AE7B600E00962 /* ScanningView.swift in Sources */,
				54BD8703241CF8050085147F /* MCBrowser.swift in Sources */,
				546D70782412A9140005AA27 /* ProfileSetupView.swift in Sources */,
				882E7D3E2416615600E49BF6 /* StartView.swift in Sources */,
				54BD8705241D158E0085147F /* ChatsViewModel.swift in Sources */,
				882E7D452416632000E49BF6 /* MoreView.swift in Sources */,
			);
			runOnlyForDeploymentPostprocessing = 0;
		};
/* End PBXSourcesBuildPhase section */

/* Begin PBXVariantGroup section */
		546D706E241296E20005AA27 /* LaunchScreen.storyboard */ = {
			isa = PBXVariantGroup;
			children = (
				546D706F241296E20005AA27 /* Base */,
			);
			name = LaunchScreen.storyboard;
			sourceTree = "<group>";
		};
/* End PBXVariantGroup section */

/* Begin XCBuildConfiguration section */
		546D7072241296E20005AA27 /* Debug */ = {
			isa = XCBuildConfiguration;
			buildSettings = {
				ALWAYS_SEARCH_USER_PATHS = NO;
				CLANG_ANALYZER_NONNULL = YES;
				CLANG_ANALYZER_NUMBER_OBJECT_CONVERSION = YES_AGGRESSIVE;
				CLANG_CXX_LANGUAGE_STANDARD = "gnu++14";
				CLANG_CXX_LIBRARY = "libc++";
				CLANG_ENABLE_MODULES = YES;
				CLANG_ENABLE_OBJC_ARC = YES;
				CLANG_ENABLE_OBJC_WEAK = YES;
				CLANG_WARN_BLOCK_CAPTURE_AUTORELEASING = YES;
				CLANG_WARN_BOOL_CONVERSION = YES;
				CLANG_WARN_COMMA = YES;
				CLANG_WARN_CONSTANT_CONVERSION = YES;
				CLANG_WARN_DEPRECATED_OBJC_IMPLEMENTATIONS = YES;
				CLANG_WARN_DIRECT_OBJC_ISA_USAGE = YES_ERROR;
				CLANG_WARN_DOCUMENTATION_COMMENTS = YES;
				CLANG_WARN_EMPTY_BODY = YES;
				CLANG_WARN_ENUM_CONVERSION = YES;
				CLANG_WARN_INFINITE_RECURSION = YES;
				CLANG_WARN_INT_CONVERSION = YES;
				CLANG_WARN_NON_LITERAL_NULL_CONVERSION = YES;
				CLANG_WARN_OBJC_IMPLICIT_RETAIN_SELF = YES;
				CLANG_WARN_OBJC_LITERAL_CONVERSION = YES;
				CLANG_WARN_OBJC_ROOT_CLASS = YES_ERROR;
				CLANG_WARN_RANGE_LOOP_ANALYSIS = YES;
				CLANG_WARN_STRICT_PROTOTYPES = YES;
				CLANG_WARN_SUSPICIOUS_MOVE = YES;
				CLANG_WARN_UNGUARDED_AVAILABILITY = YES_AGGRESSIVE;
				CLANG_WARN_UNREACHABLE_CODE = YES;
				CLANG_WARN__DUPLICATE_METHOD_MATCH = YES;
				COPY_PHASE_STRIP = NO;
				DEBUG_INFORMATION_FORMAT = dwarf;
				ENABLE_STRICT_OBJC_MSGSEND = YES;
				ENABLE_TESTABILITY = YES;
				GCC_C_LANGUAGE_STANDARD = gnu11;
				GCC_DYNAMIC_NO_PIC = NO;
				GCC_NO_COMMON_BLOCKS = YES;
				GCC_OPTIMIZATION_LEVEL = 0;
				GCC_PREPROCESSOR_DEFINITIONS = (
					"DEBUG=1",
					"$(inherited)",
				);
				GCC_WARN_64_TO_32_BIT_CONVERSION = YES;
				GCC_WARN_ABOUT_RETURN_TYPE = YES_ERROR;
				GCC_WARN_UNDECLARED_SELECTOR = YES;
				GCC_WARN_UNINITIALIZED_AUTOS = YES_AGGRESSIVE;
				GCC_WARN_UNUSED_FUNCTION = YES;
				GCC_WARN_UNUSED_VARIABLE = YES;
				IPHONEOS_DEPLOYMENT_TARGET = 13.2;
				MTL_ENABLE_DEBUG_INFO = INCLUDE_SOURCE;
				MTL_FAST_MATH = YES;
				ONLY_ACTIVE_ARCH = YES;
				SDKROOT = iphoneos;
				SWIFT_ACTIVE_COMPILATION_CONDITIONS = DEBUG;
				SWIFT_OPTIMIZATION_LEVEL = "-Onone";
			};
			name = Debug;
		};
		546D7073241296E20005AA27 /* Release */ = {
			isa = XCBuildConfiguration;
			buildSettings = {
				ALWAYS_SEARCH_USER_PATHS = NO;
				CLANG_ANALYZER_NONNULL = YES;
				CLANG_ANALYZER_NUMBER_OBJECT_CONVERSION = YES_AGGRESSIVE;
				CLANG_CXX_LANGUAGE_STANDARD = "gnu++14";
				CLANG_CXX_LIBRARY = "libc++";
				CLANG_ENABLE_MODULES = YES;
				CLANG_ENABLE_OBJC_ARC = YES;
				CLANG_ENABLE_OBJC_WEAK = YES;
				CLANG_WARN_BLOCK_CAPTURE_AUTORELEASING = YES;
				CLANG_WARN_BOOL_CONVERSION = YES;
				CLANG_WARN_COMMA = YES;
				CLANG_WARN_CONSTANT_CONVERSION = YES;
				CLANG_WARN_DEPRECATED_OBJC_IMPLEMENTATIONS = YES;
				CLANG_WARN_DIRECT_OBJC_ISA_USAGE = YES_ERROR;
				CLANG_WARN_DOCUMENTATION_COMMENTS = YES;
				CLANG_WARN_EMPTY_BODY = YES;
				CLANG_WARN_ENUM_CONVERSION = YES;
				CLANG_WARN_INFINITE_RECURSION = YES;
				CLANG_WARN_INT_CONVERSION = YES;
				CLANG_WARN_NON_LITERAL_NULL_CONVERSION = YES;
				CLANG_WARN_OBJC_IMPLICIT_RETAIN_SELF = YES;
				CLANG_WARN_OBJC_LITERAL_CONVERSION = YES;
				CLANG_WARN_OBJC_ROOT_CLASS = YES_ERROR;
				CLANG_WARN_RANGE_LOOP_ANALYSIS = YES;
				CLANG_WARN_STRICT_PROTOTYPES = YES;
				CLANG_WARN_SUSPICIOUS_MOVE = YES;
				CLANG_WARN_UNGUARDED_AVAILABILITY = YES_AGGRESSIVE;
				CLANG_WARN_UNREACHABLE_CODE = YES;
				CLANG_WARN__DUPLICATE_METHOD_MATCH = YES;
				COPY_PHASE_STRIP = NO;
				DEBUG_INFORMATION_FORMAT = "dwarf-with-dsym";
				ENABLE_NS_ASSERTIONS = NO;
				ENABLE_STRICT_OBJC_MSGSEND = YES;
				GCC_C_LANGUAGE_STANDARD = gnu11;
				GCC_NO_COMMON_BLOCKS = YES;
				GCC_WARN_64_TO_32_BIT_CONVERSION = YES;
				GCC_WARN_ABOUT_RETURN_TYPE = YES_ERROR;
				GCC_WARN_UNDECLARED_SELECTOR = YES;
				GCC_WARN_UNINITIALIZED_AUTOS = YES_AGGRESSIVE;
				GCC_WARN_UNUSED_FUNCTION = YES;
				GCC_WARN_UNUSED_VARIABLE = YES;
				IPHONEOS_DEPLOYMENT_TARGET = 13.2;
				MTL_ENABLE_DEBUG_INFO = NO;
				MTL_FAST_MATH = YES;
				SDKROOT = iphoneos;
				SWIFT_COMPILATION_MODE = wholemodule;
				SWIFT_OPTIMIZATION_LEVEL = "-O";
				VALIDATE_PRODUCT = YES;
			};
			name = Release;
		};
		546D7075241296E20005AA27 /* Debug */ = {
			isa = XCBuildConfiguration;
			buildSettings = {
				ASSETCATALOG_COMPILER_APPICON_NAME = AppIcon;
				CODE_SIGN_STYLE = Automatic;
				DEVELOPMENT_ASSET_PATHS = "\"MultipeerChat/Preview Content\"";
				DEVELOPMENT_TEAM = FPV8AMUR2Q;
				ENABLE_PREVIEWS = YES;
				INFOPLIST_FILE = MultipeerChat/Info.plist;
				LD_RUNPATH_SEARCH_PATHS = (
					"$(inherited)",
					"@executable_path/Frameworks",
				);
				PRODUCT_BUNDLE_IDENTIFIER = salama.hesham.MultipeerChat;
				PRODUCT_NAME = "$(TARGET_NAME)";
				SWIFT_VERSION = 5.0;
				TARGETED_DEVICE_FAMILY = "1,2";
			};
			name = Debug;
		};
		546D7076241296E20005AA27 /* Release */ = {
			isa = XCBuildConfiguration;
			buildSettings = {
				ASSETCATALOG_COMPILER_APPICON_NAME = AppIcon;
				CODE_SIGN_STYLE = Automatic;
				DEVELOPMENT_ASSET_PATHS = "\"MultipeerChat/Preview Content\"";
				DEVELOPMENT_TEAM = FPV8AMUR2Q;
				ENABLE_PREVIEWS = YES;
				INFOPLIST_FILE = MultipeerChat/Info.plist;
				LD_RUNPATH_SEARCH_PATHS = (
					"$(inherited)",
					"@executable_path/Frameworks",
				);
				PRODUCT_BUNDLE_IDENTIFIER = salama.hesham.MultipeerChat;
				PRODUCT_NAME = "$(TARGET_NAME)";
				SWIFT_VERSION = 5.0;
				TARGETED_DEVICE_FAMILY = "1,2";
			};
			name = Release;
		};
/* End XCBuildConfiguration section */

/* Begin XCConfigurationList section */
		546D705B241296DB0005AA27 /* Build configuration list for PBXProject "MultipeerChat" */ = {
			isa = XCConfigurationList;
			buildConfigurations = (
				546D7072241296E20005AA27 /* Debug */,
				546D7073241296E20005AA27 /* Release */,
			);
			defaultConfigurationIsVisible = 0;
			defaultConfigurationName = Release;
		};
		546D7074241296E20005AA27 /* Build configuration list for PBXNativeTarget "MultipeerChat" */ = {
			isa = XCConfigurationList;
			buildConfigurations = (
				546D7075241296E20005AA27 /* Debug */,
				546D7076241296E20005AA27 /* Release */,
			);
			defaultConfigurationIsVisible = 0;
			defaultConfigurationName = Release;
		};
/* End XCConfigurationList section */

/* Begin XCVersionGroup section */
		8802D930241795F400E555D8 /* User.xcdatamodeld */ = {
			isa = XCVersionGroup;
			children = (
				8802D931241795F400E555D8 /* User.xcdatamodel */,
			);
			currentVersion = 8802D931241795F400E555D8 /* User.xcdatamodel */;
			path = User.xcdatamodeld;
			sourceTree = "<group>";
			versionGroupType = wrapper.xcdatamodel;
		};
/* End XCVersionGroup section */
	};
	rootObject = 546D7058241296DB0005AA27 /* Project object */;
}
